
Microsoft Visual Studio Solution File, Format Version 11.00
# Visual Studio 2010
Project("{FAE04EC0-301F-11D3-BF4B-00C04F79EFBC}") = "CornellSunNewsreader", "CornellSunNewsreader\CornellSunNewsreader.csproj", "{384D808A-FFDE-4347-B131-3E595A5E499F}"
EndProject
Global
	GlobalSection(SolutionConfigurationPlatforms) = preSolution
		Debug|Any CPU = Debug|Any CPU
		Release|Any CPU = Release|Any CPU
	EndGlobalSection
	GlobalSection(ProjectConfigurationPlatforms) = postSolution
		{384D808A-FFDE-4347-B131-3E595A5E499F}.Debug|Any CPU.ActiveCfg = Debug|Any CPU
		{384D808A-FFDE-4347-B131-3E595A5E499F}.Debug|Any CPU.Build.0 = Debug|Any CPU
		{384D808A-FFDE-4347-B131-3E595A5E499F}.Debug|Any CPU.Deploy.0 = Debug|Any CPU
		{384D808A-FFDE-4347-B131-3E595A5E499F}.Release|Any CPU.ActiveCfg = Release|Any CPU
		{384D808A-FFDE-4347-B131-3E595A5E499F}.Release|Any CPU.Build.0 = Release|Any CPU
		{384D808A-FFDE-4347-B131-3E595A5E499F}.Release|Any CPU.Deploy.0 = Release|Any CPU
	EndGlobalSection
	GlobalSection(SolutionProperties) = preSolution
		HideSolutionNode = FALSE
	EndGlobalSection
EndGlobal
